
Microsoft Visual Studio Solution File, Format Version 12.00
# Visual Studio Version 17
VisualStudioVersion = 17.9.34701.34
MinimumVisualStudioVersion = 10.0.40219.1
Project("{FAE04EC0-301F-11D3-BF4B-00C04F79EFBC}") = "SystemZarządzaniaBiblioteką", "SystemZarządzaniaBiblioteką\SystemZarządzaniaBiblioteką.csproj", "{4DAEAD5B-71A1-4958-AE4A-ADCD075A789C}"
EndProject
Global
	GlobalSection(SolutionConfigurationPlatforms) = preSolution
		Debug|Any CPU = Debug|Any CPU
		Release|Any CPU = Release|Any CPU
	EndGlobalSection
	GlobalSection(ProjectConfigurationPlatforms) = postSolution
		{4DAEAD5B-71A1-4958-AE4A-ADCD075A789C}.Debug|Any CPU.ActiveCfg = Debug|Any CPU
		{4DAEAD5B-71A1-4958-AE4A-ADCD075A789C}.Debug|Any CPU.Build.0 = Debug|Any CPU
		{4DAEAD5B-71A1-4958-AE4A-ADCD075A789C}.Release|Any CPU.ActiveCfg = Release|Any CPU
		{4DAEAD5B-71A1-4958-AE4A-ADCD075A789C}.Release|Any CPU.Build.0 = Release|Any CPU
	EndGlobalSection
	GlobalSection(SolutionProperties) = preSolution
		HideSolutionNode = FALSE
	EndGlobalSection
	GlobalSection(ExtensibilityGlobals) = postSolution
		SolutionGuid = {04395903-A10C-4356-84C5-B819D473625C}
	EndGlobalSection
EndGlobal
